
Microsoft Visual Studio Solution File, Format Version 12.00
# Visual Studio Version 16
VisualStudioVersion = 16.0.30011.22
MinimumVisualStudioVersion = 10.0.40219.1
Project("{FAE04EC0-301F-11D3-BF4B-00C04F79EFBC}") = "Przychodnia", "Przychodnia.csproj", "{EB33DD95-1BE8-432B-8AF0-85484F9679BC}"
EndProject
Global
	GlobalSection(SolutionConfigurationPlatforms) = preSolution
		Debug|Any CPU = Debug|Any CPU
		Release|Any CPU = Release|Any CPU
	EndGlobalSection
	GlobalSection(ProjectConfigurationPlatforms) = postSolution
		{EB33DD95-1BE8-432B-8AF0-85484F9679BC}.Debug|Any CPU.ActiveCfg = Debug|Any CPU
		{EB33DD95-1BE8-432B-8AF0-85484F9679BC}.Debug|Any CPU.Build.0 = Debug|Any CPU
		{EB33DD95-1BE8-432B-8AF0-85484F9679BC}.Release|Any CPU.ActiveCfg = Release|Any CPU
		{EB33DD95-1BE8-432B-8AF0-85484F9679BC}.Release|Any CPU.Build.0 = Release|Any CPU
	EndGlobalSection
	GlobalSection(SolutionProperties) = preSolution
		HideSolutionNode = FALSE
	EndGlobalSection
	GlobalSection(ExtensibilityGlobals) = postSolution
		SolutionGuid = {4CB89E0F-082D-4016-A5FE-5AB87773966F}
	EndGlobalSection
EndGlobal
